
Microsoft Visual Studio Solution File, Format Version 12.00
# Visual Studio Version 17
VisualStudioVersion = 17.8.34302.71
MinimumVisualStudioVersion = 10.0.40219.1
Project("{9A19103F-16F7-4668-BE54-9A1E7A4F7556}") = "IdentityServer", "identityserver\IdentityServer.csproj", "{9D96B14A-37BA-47DE-A970-56139E7681D5}"
EndProject
Project("{9A19103F-16F7-4668-BE54-9A1E7A4F7556}") = "WebCodeFlowPkceClient", "ui\WebCodeFlowPkceClient.csproj", "{2265DCC4-6BAC-4CEE-99E6-C9A9F9A57F22}"
EndProject
Global
	GlobalSection(SolutionConfigurationPlatforms) = preSolution
		Debug|Any CPU = Debug|Any CPU
		Release|Any CPU = Release|Any CPU
	EndGlobalSection
	GlobalSection(ProjectConfigurationPlatforms) = postSolution
		{9D96B14A-37BA-47DE-A970-56139E7681D5}.Debug|Any CPU.ActiveCfg = Debug|Any CPU
		{9D96B14A-37BA-47DE-A970-56139E7681D5}.Debug|Any CPU.Build.0 = Debug|Any CPU
		{9D96B14A-37BA-47DE-A970-56139E7681D5}.Release|Any CPU.ActiveCfg = Release|Any CPU
		{9D96B14A-37BA-47DE-A970-56139E7681D5}.Release|Any CPU.Build.0 = Release|Any CPU
		{2265DCC4-6BAC-4CEE-99E6-C9A9F9A57F22}.Debug|Any CPU.ActiveCfg = Debug|Any CPU
		{2265DCC4-6BAC-4CEE-99E6-C9A9F9A57F22}.Debug|Any CPU.Build.0 = Debug|Any CPU
		{2265DCC4-6BAC-4CEE-99E6-C9A9F9A57F22}.Release|Any CPU.ActiveCfg = Release|Any CPU
		{2265DCC4-6BAC-4CEE-99E6-C9A9F9A57F22}.Release|Any CPU.Build.0 = Release|Any CPU
	EndGlobalSection
	GlobalSection(SolutionProperties) = preSolution
		HideSolutionNode = FALSE
	EndGlobalSection
	GlobalSection(ExtensibilityGlobals) = postSolution
		SolutionGuid = {964B1A93-97A8-457C-93B0-F1E948BB6053}
	EndGlobalSection
EndGlobal
